github.com/kupalovmuhammadjon/Queue v0.0.0-20241001055948-442fe3eb34e5 h1:FhOnlxzc5ssMZ0kBWetHpoEwBZroM8VtrBbcfYKyWIQ=
github.com/kupalovmuhammadjon/Queue v0.0.0-20241001055948-442fe3eb34e5/go.mod h1:rqmNrVKBybaNS+8CYFkUHal2WnZ/HK/BhxhWRLRkTjI=
github.com/kupalovmuhammadjon/Queue v1.0.1 h1:uccqZo2kjoaDDKv5dBqN3EJ04/KkvmRpWyX69gIBRn4=
github.com/kupalovmuhammadjon/Queue v1.0.1/go.mod h1:rqmNrVKBybaNS+8CYFkUHal2WnZ/HK/BhxhWRLRkTjI=
